# This file is automatically @generated by Cargo.
# It is not intended for manual editing.
version = 3

[[package]]
name = "lazy_static"
version = "1.4.0"
source = "registry+https://github.com/rust-lang/crates.io-index"
checksum = "e2abad23fbc42b3700f2f279844dc832adb2b2eb069b2df918f455c4e18cc646"

[[package]]
name = "random"
version = "0.14.0"
source = "registry+https://github.com/rust-lang/crates.io-index"
checksum = "61c7093a82705b48f10d4b165c6482dbe9f58cd63a870d85537e857b2badbd88"

[[package]]
name = "rust-examples"
version = "0.1.0"
dependencies = [
 "lazy_static",
 "random",
]
